
Microsoft Visual Studio Solution File, Format Version 12.00
# Visual Studio Version 16
VisualStudioVersion = 16.0.29306.81
MinimumVisualStudioVersion = 10.0.40219.1
Project("{8BC9CEB8-8B4A-11D0-8D11-00A0C91BC942}") = "Arrays", "Arrays\Arrays.vcxproj", "{B37DD978-EB25-4CAA-BAF3-265E1C7AABB4}"
EndProject
Global
	GlobalSection(SolutionConfigurationPlatforms) = preSolution
		Debug|x64 = Debug|x64
		Debug|x86 = Debug|x86
		Release|x64 = Release|x64
		Release|x86 = Release|x86
	EndGlobalSection
	GlobalSection(ProjectConfigurationPlatforms) = postSolution
		{B37DD978-EB25-4CAA-BAF3-265E1C7AABB4}.Debug|x64.ActiveCfg = Debug|x64
		{B37DD978-EB25-4CAA-BAF3-265E1C7AABB4}.Debug|x64.Build.0 = Debug|x64
		{B37DD978-EB25-4CAA-BAF3-265E1C7AABB4}.Debug|x86.ActiveCfg = Debug|Win32
		{B37DD978-EB25-4CAA-BAF3-265E1C7AABB4}.Debug|x86.Build.0 = Debug|Win32
		{B37DD978-EB25-4CAA-BAF3-265E1C7AABB4}.Release|x64.ActiveCfg = Release|x64
		{B37DD978-EB25-4CAA-BAF3-265E1C7AABB4}.Release|x64.Build.0 = Release|x64
		{B37DD978-EB25-4CAA-BAF3-265E1C7AABB4}.Release|x86.ActiveCfg = Release|Win32
		{B37DD978-EB25-4CAA-BAF3-265E1C7AABB4}.Release|x86.Build.0 = Release|Win32
	EndGlobalSection
	GlobalSection(SolutionProperties) = preSolution
		HideSolutionNode = FALSE
	EndGlobalSection
	GlobalSection(ExtensibilityGlobals) = postSolution
		SolutionGuid = {91717265-3970-4B4F-A06E-950AB185C70B}
	EndGlobalSection
EndGlobal
